
Microsoft Visual Studio Solution File, Format Version 12.00
# Visual Studio Version 16
VisualStudioVersion = 16.0.30204.135
MinimumVisualStudioVersion = 10.0.40219.1
Project("{FAE04EC0-301F-11D3-BF4B-00C04F79EFBC}") = "RussianRoulete", "RussianRoulete\RussianRoulete.csproj", "{03B7C9FF-68AB-41E4-9F46-152566152C79}"
EndProject
Project("{FAE04EC0-301F-11D3-BF4B-00C04F79EFBC}") = "UnitTestProject1russianroullet", "UnitTestProject1russianroullet\UnitTestProject1russianroullet.csproj", "{A65D579B-6500-4C9E-8BC2-5B032108D7D3}"
EndProject
Global
	GlobalSection(SolutionConfigurationPlatforms) = preSolution
		Debug|Any CPU = Debug|Any CPU
		Release|Any CPU = Release|Any CPU
	EndGlobalSection
	GlobalSection(ProjectConfigurationPlatforms) = postSolution
		{03B7C9FF-68AB-41E4-9F46-152566152C79}.Debug|Any CPU.ActiveCfg = Debug|Any CPU
		{03B7C9FF-68AB-41E4-9F46-152566152C79}.Debug|Any CPU.Build.0 = Debug|Any CPU
		{03B7C9FF-68AB-41E4-9F46-152566152C79}.Release|Any CPU.ActiveCfg = Release|Any CPU
		{03B7C9FF-68AB-41E4-9F46-152566152C79}.Release|Any CPU.Build.0 = Release|Any CPU
		{A65D579B-6500-4C9E-8BC2-5B032108D7D3}.Debug|Any CPU.ActiveCfg = Debug|Any CPU
		{A65D579B-6500-4C9E-8BC2-5B032108D7D3}.Debug|Any CPU.Build.0 = Debug|Any CPU
		{A65D579B-6500-4C9E-8BC2-5B032108D7D3}.Release|Any CPU.ActiveCfg = Release|Any CPU
		{A65D579B-6500-4C9E-8BC2-5B032108D7D3}.Release|Any CPU.Build.0 = Release|Any CPU
	EndGlobalSection
	GlobalSection(SolutionProperties) = preSolution
		HideSolutionNode = FALSE
	EndGlobalSection
	GlobalSection(ExtensibilityGlobals) = postSolution
		SolutionGuid = {BB32A519-6454-47E8-8A9B-57FC595D39D8}
	EndGlobalSection
EndGlobal
